
Microsoft Visual Studio Solution File, Format Version 12.00
# Visual Studio Version 17
VisualStudioVersion = 17.0.31903.59
MinimumVisualStudioVersion = 10.0.40219.1
Project("{2150E333-8FDC-42A3-9474-1A3956D46DE8}") = "src", "src", "{8C97B37B-386C-4A4C-B699-B7C1FE416D1E}"
EndProject
Project("{FAE04EC0-301F-11D3-BF4B-00C04F79EFBC}") = "QimiaoDaily.Core", "src\QimiaoDaily.Core\QimiaoDaily.Core.csproj", "{97FCFA75-6F18-46BA-80DF-9384490438B6}"
EndProject
Project("{FAE04EC0-301F-11D3-BF4B-00C04F79EFBC}") = "QimiaoDaily.Data", "src\QimiaoDaily.Data\QimiaoDaily.Data.csproj", "{7CBD3704-C782-4208-AFD8-37B512F6A73E}"
EndProject
Project("{FAE04EC0-301F-11D3-BF4B-00C04F79EFBC}") = "QimiaoDaily.Collectors", "src\QimiaoDaily.Collectors\QimiaoDaily.Collectors.csproj", "{52D26167-E4C8-4965-8DF2-1DB0222804B8}"
EndProject
Project("{FAE04EC0-301F-11D3-BF4B-00C04F79EFBC}") = "QimiaoDaily.Services", "src\QimiaoDaily.Services\QimiaoDaily.Services.csproj", "{E196C4F1-78F4-4CE2-95C1-D93681DC7585}"
EndProject
Project("{FAE04EC0-301F-11D3-BF4B-00C04F79EFBC}") = "QimiaoDaily.Desktop", "src\QimiaoDaily.Desktop\QimiaoDaily.Desktop.csproj", "{0196D13D-AEB8-4C43-BDBE-720AD3CB8DC9}"
EndProject
Project("{2150E333-8FDC-42A3-9474-1A3956D46DE8}") = "tests", "tests", "{30939FAD-6A35-4935-874A-6D0D38AAAB3A}"
EndProject
Project("{FAE04EC0-301F-11D3-BF4B-00C04F79EFBC}") = "QimiaoDaily.Core.Tests", "tests\QimiaoDaily.Core.Tests\QimiaoDaily.Core.Tests.csproj", "{137C3567-A204-4663-8B9C-5A920FE317F4}"
EndProject
Project("{FAE04EC0-301F-11D3-BF4B-00C04F79EFBC}") = "QimiaoDaily.IntegrationTests", "tests\QimiaoDaily.IntegrationTests\QimiaoDaily.IntegrationTests.csproj", "{B44D8619-5FEF-4A82-89B5-6BDC931E5F8E}"
EndProject
Project("{FAE04EC0-301F-11D3-BF4B-00C04F79EFBC}") = "QimiaoDaily.Collectors.Tests", "tests\QimiaoDaily.Collectors.Tests\QimiaoDaily.Collectors.Tests.csproj", "{AAF41E30-A170-4BAB-A0DC-3B2C3DB2BC8D}"
EndProject
Project("{FAE04EC0-301F-11D3-BF4B-00C04F79EFBC}") = "QimiaoDaily.Desktop.Tests", "tests\QimiaoDaily.Desktop.Tests\QimiaoDaily.Desktop.Tests.csproj", "{D37E3DA9-9679-4C31-9BC4-8D2E4F7A2F2C}"
EndProject
Project("{FAE04EC0-301F-11D3-BF4B-00C04F79EFBC}") = "QimiaoDaily.V4", "src\QimiaoDaily.V4\QimiaoDaily.V4.csproj", "{34CE8B23-4D97-430B-B695-BE7FB3DEA5C6}"
EndProject
Project("{FAE04EC0-301F-11D3-BF4B-00C04F79EFBC}") = "QimiaoDaily.V4.Tests", "tests\QimiaoDaily.V4.Tests\QimiaoDaily.V4.Tests.csproj", "{5E5AF2DC-BBB9-465E-A63C-02FD6DF01BAB}"
EndProject
Global
	GlobalSection(SolutionConfigurationPlatforms) = preSolution
		Debug|Any CPU = Debug|Any CPU
		Debug|x64 = Debug|x64
		Debug|x86 = Debug|x86
		Release|Any CPU = Release|Any CPU
		Release|x64 = Release|x64
		Release|x86 = Release|x86
	EndGlobalSection
	GlobalSection(ProjectConfigurationPlatforms) = postSolution
		{97FCFA75-6F18-46BA-80DF-9384490438B6}.Debug|Any CPU.ActiveCfg = Debug|Any CPU
		{97FCFA75-6F18-46BA-80DF-9384490438B6}.Debug|Any CPU.Build.0 = Debug|Any CPU
		{97FCFA75-6F18-46BA-80DF-9384490438B6}.Debug|x64.ActiveCfg = Debug|Any CPU
		{97FCFA75-6F18-46BA-80DF-9384490438B6}.Debug|x64.Build.0 = Debug|Any CPU
		{97FCFA75-6F18-46BA-80DF-9384490438B6}.Debug|x86.ActiveCfg = Debug|Any CPU
		{97FCFA75-6F18-46BA-80DF-9384490438B6}.Debug|x86.Build.0 = Debug|Any CPU
		{97FCFA75-6F18-46BA-80DF-9384490438B6}.Release|Any CPU.ActiveCfg = Release|Any CPU
		{97FCFA75-6F18-46BA-80DF-9384490438B6}.Release|Any CPU.Build.0 = Release|Any CPU
		{97FCFA75-6F18-46BA-80DF-9384490438B6}.Release|x64.ActiveCfg = Release|Any CPU
		{97FCFA75-6F18-46BA-80DF-9384490438B6}.Release|x64.Build.0 = Release|Any CPU
		{97FCFA75-6F18-46BA-80DF-9384490438B6}.Release|x86.ActiveCfg = Release|Any CPU
		{97FCFA75-6F18-46BA-80DF-9384490438B6}.Release|x86.Build.0 = Release|Any CPU
		{7CBD3704-C782-4208-AFD8-37B512F6A73E}.Debug|Any CPU.ActiveCfg = Debug|Any CPU
		{7CBD3704-C782-4208-AFD8-37B512F6A73E}.Debug|Any CPU.Build.0 = Debug|Any CPU
		{7CBD3704-C782-4208-AFD8-37B512F6A73E}.Debug|x64.ActiveCfg = Debug|Any CPU
		{7CBD3704-C782-4208-AFD8-37B512F6A73E}.Debug|x64.Build.0 = Debug|Any CPU
		{7CBD3704-C782-4208-AFD8-37B512F6A73E}.Debug|x86.ActiveCfg = Debug|Any CPU
		{7CBD3704-C782-4208-AFD8-37B512F6A73E}.Debug|x86.Build.0 = Debug|Any CPU
		{7CBD3704-C782-4208-AFD8-37B512F6A73E}.Release|Any CPU.ActiveCfg = Release|Any CPU
		{7CBD3704-C782-4208-AFD8-37B512F6A73E}.Release|Any CPU.Build.0 = Release|Any CPU
		{7CBD3704-C782-4208-AFD8-37B512F6A73E}.Release|x64.ActiveCfg = Release|Any CPU
		{7CBD3704-C782-4208-AFD8-37B512F6A73E}.Release|x64.Build.0 = Release|Any CPU
		{7CBD3704-C782-4208-AFD8-37B512F6A73E}.Release|x86.ActiveCfg = Release|Any CPU
		{7CBD3704-C782-4208-AFD8-37B512F6A73E}.Release|x86.Build.0 = Release|Any CPU
		{52D26167-E4C8-4965-8DF2-1DB0222804B8}.Debug|Any CPU.ActiveCfg = Debug|Any CPU
		{52D26167-E4C8-4965-8DF2-1DB0222804B8}.Debug|Any CPU.Build.0 = Debug|Any CPU
		{52D26167-E4C8-4965-8DF2-1DB0222804B8}.Debug|x64.ActiveCfg = Debug|Any CPU
		{52D26167-E4C8-4965-8DF2-1DB0222804B8}.Debug|x64.Build.0 = Debug|Any CPU
		{52D26167-E4C8-4965-8DF2-1DB0222804B8}.Debug|x86.ActiveCfg = Debug|Any CPU
		{52D26167-E4C8-4965-8DF2-1DB0222804B8}.Debug|x86.Build.0 = Debug|Any CPU
		{52D26167-E4C8-4965-8DF2-1DB0222804B8}.Release|Any CPU.ActiveCfg = Release|Any CPU
		{52D26167-E4C8-4965-8DF2-1DB0222804B8}.Release|Any CPU.Build.0 = Release|Any CPU
		{52D26167-E4C8-4965-8DF2-1DB0222804B8}.Release|x64.ActiveCfg = Release|Any CPU
		{52D26167-E4C8-4965-8DF2-1DB0222804B8}.Release|x64.Build.0 = Release|Any CPU
		{52D26167-E4C8-4965-8DF2-1DB0222804B8}.Release|x86.ActiveCfg = Release|Any CPU
		{52D26167-E4C8-4965-8DF2-1DB0222804B8}.Release|x86.Build.0 = Release|Any CPU
		{E196C4F1-78F4-4CE2-95C1-D93681DC7585}.Debug|Any CPU.ActiveCfg = Debug|Any CPU
		{E196C4F1-78F4-4CE2-95C1-D93681DC7585}.Debug|Any CPU.Build.0 = Debug|Any CPU
		{E196C4F1-78F4-4CE2-95C1-D93681DC7585}.Debug|x64.ActiveCfg = Debug|Any CPU
		{E196C4F1-78F4-4CE2-95C1-D93681DC7585}.Debug|x64.Build.0 = Debug|Any CPU
		{E196C4F1-78F4-4CE2-95C1-D93681DC7585}.Debug|x86.ActiveCfg = Debug|Any CPU
		{E196C4F1-78F4-4CE2-95C1-D93681DC7585}.Debug|x86.Build.0 = Debug|Any CPU
		{E196C4F1-78F4-4CE2-95C1-D93681DC7585}.Release|Any CPU.ActiveCfg = Release|Any CPU
		{E196C4F1-78F4-4CE2-95C1-D93681DC7585}.Release|Any CPU.Build.0 = Release|Any CPU
		{E196C4F1-78F4-4CE2-95C1-D93681DC7585}.Release|x64.ActiveCfg = Release|Any CPU
		{E196C4F1-78F4-4CE2-95C1-D93681DC7585}.Release|x64.Build.0 = Release|Any CPU
		{E196C4F1-78F4-4CE2-95C1-D93681DC7585}.Release|x86.ActiveCfg = Release|Any CPU
		{E196C4F1-78F4-4CE2-95C1-D93681DC7585}.Release|x86.Build.0 = Release|Any CPU
		{0196D13D-AEB8-4C43-BDBE-720AD3CB8DC9}.Debug|Any CPU.ActiveCfg = Debug|Any CPU
		{0196D13D-AEB8-4C43-BDBE-720AD3CB8DC9}.Debug|Any CPU.Build.0 = Debug|Any CPU
		{0196D13D-AEB8-4C43-BDBE-720AD3CB8DC9}.Debug|x64.ActiveCfg = Debug|Any CPU
		{0196D13D-AEB8-4C43-BDBE-720AD3CB8DC9}.Debug|x64.Build.0 = Debug|Any CPU
		{0196D13D-AEB8-4C43-BDBE-720AD3CB8DC9}.Debug|x86.ActiveCfg = Debug|Any CPU
		{0196D13D-AEB8-4C43-BDBE-720AD3CB8DC9}.Debug|x86.Build.0 = Debug|Any CPU
		{0196D13D-AEB8-4C43-BDBE-720AD3CB8DC9}.Release|Any CPU.ActiveCfg = Release|Any CPU
		{0196D13D-AEB8-4C43-BDBE-720AD3CB8DC9}.Release|Any CPU.Build.0 = Release|Any CPU
		{0196D13D-AEB8-4C43-BDBE-720AD3CB8DC9}.Release|x64.ActiveCfg = Release|Any CPU
		{0196D13D-AEB8-4C43-BDBE-720AD3CB8DC9}.Release|x64.Build.0 = Release|Any CPU
		{0196D13D-AEB8-4C43-BDBE-720AD3CB8DC9}.Release|x86.ActiveCfg = Release|Any CPU
		{0196D13D-AEB8-4C43-BDBE-720AD3CB8DC9}.Release|x86.Build.0 = Release|Any CPU
		{137C3567-A204-4663-8B9C-5A920FE317F4}.Debug|Any CPU.ActiveCfg = Debug|Any CPU
		{137C3567-A204-4663-8B9C-5A920FE317F4}.Debug|Any CPU.Build.0 = Debug|Any CPU
		{137C3567-A204-4663-8B9C-5A920FE317F4}.Debug|x64.ActiveCfg = Debug|Any CPU
		{137C3567-A204-4663-8B9C-5A920FE317F4}.Debug|x64.Build.0 = Debug|Any CPU
		{137C3567-A204-4663-8B9C-5A920FE317F4}.Debug|x86.ActiveCfg = Debug|Any CPU
		{137C3567-A204-4663-8B9C-5A920FE317F4}.Debug|x86.Build.0 = Debug|Any CPU
		{137C3567-A204-4663-8B9C-5A920FE317F4}.Release|Any CPU.ActiveCfg = Release|Any CPU
		{137C3567-A204-4663-8B9C-5A920FE317F4}.Release|Any CPU.Build.0 = Release|Any CPU
		{137C3567-A204-4663-8B9C-5A920FE317F4}.Release|x64.ActiveCfg = Release|Any CPU
		{137C3567-A204-4663-8B9C-5A920FE317F4}.Release|x64.Build.0 = Release|Any CPU
		{137C3567-A204-4663-8B9C-5A920FE317F4}.Release|x86.ActiveCfg = Release|Any CPU
		{137C3567-A204-4663-8B9C-5A920FE317F4}.Release|x86.Build.0 = Release|Any CPU
		{B44D8619-5FEF-4A82-89B5-6BDC931E5F8E}.Debug|Any CPU.ActiveCfg = Debug|Any CPU
		{B44D8619-5FEF-4A82-89B5-6BDC931E5F8E}.Debug|Any CPU.Build.0 = Debug|Any CPU
		{B44D8619-5FEF-4A82-89B5-6BDC931E5F8E}.Debug|x64.ActiveCfg = Debug|Any CPU
		{B44D8619-5FEF-4A82-89B5-6BDC931E5F8E}.Debug|x64.Build.0 = Debug|Any CPU
		{B44D8619-5FEF-4A82-89B5-6BDC931E5F8E}.Debug|x86.ActiveCfg = Debug|Any CPU
		{B44D8619-5FEF-4A82-89B5-6BDC931E5F8E}.Debug|x86.Build.0 = Debug|Any CPU
		{B44D8619-5FEF-4A82-89B5-6BDC931E5F8E}.Release|Any CPU.ActiveCfg = Release|Any CPU
		{B44D8619-5FEF-4A82-89B5-6BDC931E5F8E}.Release|Any CPU.Build.0 = Release|Any CPU
		{B44D8619-5FEF-4A82-89B5-6BDC931E5F8E}.Release|x64.ActiveCfg = Release|Any CPU
		{B44D8619-5FEF-4A82-89B5-6BDC931E5F8E}.Release|x64.Build.0 = Release|Any CPU
		{B44D8619-5FEF-4A82-89B5-6BDC931E5F8E}.Release|x86.ActiveCfg = Release|Any CPU
		{B44D8619-5FEF-4A82-89B5-6BDC931E5F8E}.Release|x86.Build.0 = Release|Any CPU
		{AAF41E30-A170-4BAB-A0DC-3B2C3DB2BC8D}.Debug|Any CPU.ActiveCfg = Debug|Any CPU
		{AAF41E30-A170-4BAB-A0DC-3B2C3DB2BC8D}.Debug|Any CPU.Build.0 = Debug|Any CPU
		{AAF41E30-A170-4BAB-A0DC-3B2C3DB2BC8D}.Debug|x64.ActiveCfg = Debug|Any CPU
		{AAF41E30-A170-4BAB-A0DC-3B2C3DB2BC8D}.Debug|x64.Build.0 = Debug|Any CPU
		{AAF41E30-A170-4BAB-A0DC-3B2C3DB2BC8D}.Debug|x86.ActiveCfg = Debug|Any CPU
		{AAF41E30-A170-4BAB-A0DC-3B2C3DB2BC8D}.Debug|x86.Build.0 = Debug|Any CPU
		{AAF41E30-A170-4BAB-A0DC-3B2C3DB2BC8D}.Release|Any CPU.ActiveCfg = Release|Any CPU
		{AAF41E30-A170-4BAB-A0DC-3B2C3DB2BC8D}.Release|Any CPU.Build.0 = Release|Any CPU
		{AAF41E30-A170-4BAB-A0DC-3B2C3DB2BC8D}.Release|x64.ActiveCfg = Release|Any CPU
		{AAF41E30-A170-4BAB-A0DC-3B2C3DB2BC8D}.Release|x64.Build.0 = Release|Any CPU
		{AAF41E30-A170-4BAB-A0DC-3B2C3DB2BC8D}.Release|x86.ActiveCfg = Release|Any CPU
		{AAF41E30-A170-4BAB-A0DC-3B2C3DB2BC8D}.Release|x86.Build.0 = Release|Any CPU
		{D37E3DA9-9679-4C31-9BC4-8D2E4F7A2F2C}.Debug|Any CPU.ActiveCfg = Release|Any CPU
		{D37E3DA9-9679-4C31-9BC4-8D2E4F7A2F2C}.Debug|Any CPU.Build.0 = Release|Any CPU
		{D37E3DA9-9679-4C31-9BC4-8D2E4F7A2F2C}.Debug|x64.ActiveCfg = Debug|Any CPU
		{D37E3DA9-9679-4C31-9BC4-8D2E4F7A2F2C}.Debug|x64.Build.0 = Debug|Any CPU
		{D37E3DA9-9679-4C31-9BC4-8D2E4F7A2F2C}.Debug|x86.ActiveCfg = Debug|Any CPU
		{D37E3DA9-9679-4C31-9BC4-8D2E4F7A2F2C}.Debug|x86.Build.0 = Debug|Any CPU
		{D37E3DA9-9679-4C31-9BC4-8D2E4F7A2F2C}.Release|Any CPU.ActiveCfg = Release|Any CPU
		{D37E3DA9-9679-4C31-9BC4-8D2E4F7A2F2C}.Release|Any CPU.Build.0 = Release|Any CPU
		{D37E3DA9-9679-4C31-9BC4-8D2E4F7A2F2C}.Release|x64.ActiveCfg = Release|Any CPU
		{D37E3DA9-9679-4C31-9BC4-8D2E4F7A2F2C}.Release|x64.Build.0 = Release|Any CPU
		{D37E3DA9-9679-4C31-9BC4-8D2E4F7A2F2C}.Release|x86.ActiveCfg = Release|Any CPU
		{D37E3DA9-9679-4C31-9BC4-8D2E4F7A2F2C}.Release|x86.Build.0 = Release|Any CPU
		{34CE8B23-4D97-430B-B695-BE7FB3DEA5C6}.Debug|Any CPU.ActiveCfg = Debug|Any CPU
		{34CE8B23-4D97-430B-B695-BE7FB3DEA5C6}.Debug|Any CPU.Build.0 = Debug|Any CPU
		{34CE8B23-4D97-430B-B695-BE7FB3DEA5C6}.Debug|x64.ActiveCfg = Debug|Any CPU
		{34CE8B23-4D97-430B-B695-BE7FB3DEA5C6}.Debug|x64.Build.0 = Debug|Any CPU
		{34CE8B23-4D97-430B-B695-BE7FB3DEA5C6}.Debug|x86.ActiveCfg = Debug|Any CPU
		{34CE8B23-4D97-430B-B695-BE7FB3DEA5C6}.Debug|x86.Build.0 = Debug|Any CPU
		{34CE8B23-4D97-430B-B695-BE7FB3DEA5C6}.Release|Any CPU.ActiveCfg = Release|Any CPU
		{34CE8B23-4D97-430B-B695-BE7FB3DEA5C6}.Release|Any CPU.Build.0 = Release|Any CPU
		{34CE8B23-4D97-430B-B695-BE7FB3DEA5C6}.Release|x64.ActiveCfg = Release|Any CPU
		{34CE8B23-4D97-430B-B695-BE7FB3DEA5C6}.Release|x64.Build.0 = Release|Any CPU
		{34CE8B23-4D97-430B-B695-BE7FB3DEA5C6}.Release|x86.ActiveCfg = Release|Any CPU
		{34CE8B23-4D97-430B-B695-BE7FB3DEA5C6}.Release|x86.Build.0 = Release|Any CPU
		{5E5AF2DC-BBB9-465E-A63C-02FD6DF01BAB}.Debug|Any CPU.ActiveCfg = Debug|Any CPU
		{5E5AF2DC-BBB9-465E-A63C-02FD6DF01BAB}.Debug|Any CPU.Build.0 = Debug|Any CPU
		{5E5AF2DC-BBB9-465E-A63C-02FD6DF01BAB}.Debug|x64.ActiveCfg = Debug|Any CPU
		{5E5AF2DC-BBB9-465E-A63C-02FD6DF01BAB}.Debug|x64.Build.0 = Debug|Any CPU
		{5E5AF2DC-BBB9-465E-A63C-02FD6DF01BAB}.Debug|x86.ActiveCfg = Debug|Any CPU
		{5E5AF2DC-BBB9-465E-A63C-02FD6DF01BAB}.Debug|x86.Build.0 = Debug|Any CPU
		{5E5AF2DC-BBB9-465E-A63C-02FD6DF01BAB}.Release|Any CPU.ActiveCfg = Release|Any CPU
		{5E5AF2DC-BBB9-465E-A63C-02FD6DF01BAB}.Release|Any CPU.Build.0 = Release|Any CPU
		{5E5AF2DC-BBB9-465E-A63C-02FD6DF01BAB}.Release|x64.ActiveCfg = Release|Any CPU
		{5E5AF2DC-BBB9-465E-A63C-02FD6DF01BAB}.Release|x64.Build.0 = Release|Any CPU
		{5E5AF2DC-BBB9-465E-A63C-02FD6DF01BAB}.Release|x86.ActiveCfg = Release|Any CPU
		{5E5AF2DC-BBB9-465E-A63C-02FD6DF01BAB}.Release|x86.Build.0 = Release|Any CPU
	EndGlobalSection
	GlobalSection(SolutionProperties) = preSolution
		HideSolutionNode = FALSE
	EndGlobalSection
	GlobalSection(NestedProjects) = preSolution
		{97FCFA75-6F18-46BA-80DF-9384490438B6} = {8C97B37B-386C-4A4C-B699-B7C1FE416D1E}
		{7CBD3704-C782-4208-AFD8-37B512F6A73E} = {8C97B37B-386C-4A4C-B699-B7C1FE416D1E}
		{52D26167-E4C8-4965-8DF2-1DB0222804B8} = {8C97B37B-386C-4A4C-B699-B7C1FE416D1E}
		{E196C4F1-78F4-4CE2-95C1-D93681DC7585} = {8C97B37B-386C-4A4C-B699-B7C1FE416D1E}
		{0196D13D-AEB8-4C43-BDBE-720AD3CB8DC9} = {8C97B37B-386C-4A4C-B699-B7C1FE416D1E}
		{137C3567-A204-4663-8B9C-5A920FE317F4} = {30939FAD-6A35-4935-874A-6D0D38AAAB3A}
		{B44D8619-5FEF-4A82-89B5-6BDC931E5F8E} = {30939FAD-6A35-4935-874A-6D0D38AAAB3A}
		{AAF41E30-A170-4BAB-A0DC-3B2C3DB2BC8D} = {30939FAD-6A35-4935-874A-6D0D38AAAB3A}
		{D37E3DA9-9679-4C31-9BC4-8D2E4F7A2F2C} = {30939FAD-6A35-4935-874A-6D0D38AAAB3A}
		{34CE8B23-4D97-430B-B695-BE7FB3DEA5C6} = {8C97B37B-386C-4A4C-B699-B7C1FE416D1E}
		{5E5AF2DC-BBB9-465E-A63C-02FD6DF01BAB} = {30939FAD-6A35-4935-874A-6D0D38AAAB3A}
	EndGlobalSection
EndGlobal
